
Microsoft Visual Studio Solution File, Format Version 12.00
# Visual Studio Version 16
VisualStudioVersion = 16.0.31129.286
MinimumVisualStudioVersion = 10.0.40219.1
Project("{9A19103F-16F7-4668-BE54-9A1E7A4F7556}") = "Test.Domain", "Test.Core\Test.Domain.csproj", "{3318EF7A-AA1B-4F8C-90C2-F88EF06513D0}"
EndProject
Project("{9A19103F-16F7-4668-BE54-9A1E7A4F7556}") = "Test.Application", "Test.Application\Test.Application.csproj", "{F2B4930D-1A57-4DF1-904C-7A0AFF3328F5}"
EndProject
Project("{9A19103F-16F7-4668-BE54-9A1E7A4F7556}") = "Test.Infrastructure", "Test.Infrastructure\Test.Infrastructure.csproj", "{21B4F1A9-5C11-4B38-B21A-1F5618A8BC0B}"
EndProject
Project("{FAE04EC0-301F-11D3-BF4B-00C04F79EFBC}") = "Test.WebApi", "Test.WebApi\Test.WebApi.csproj", "{B7DA8F15-B500-4DF4-98FF-6FDC398EAE28}"
EndProject
Project("{FAE04EC0-301F-11D3-BF4B-00C04F79EFBC}") = "Test.Common", "Test.Common\Test.Common.csproj", "{774B6D13-374E-402D-8192-5EDC4173C5E8}"
EndProject
Global
	GlobalSection(SolutionConfigurationPlatforms) = preSolution
		Debug|Any CPU = Debug|Any CPU
		Release|Any CPU = Release|Any CPU
	EndGlobalSection
	GlobalSection(ProjectConfigurationPlatforms) = postSolution
		{3318EF7A-AA1B-4F8C-90C2-F88EF06513D0}.Debug|Any CPU.ActiveCfg = Debug|Any CPU
		{3318EF7A-AA1B-4F8C-90C2-F88EF06513D0}.Debug|Any CPU.Build.0 = Debug|Any CPU
		{3318EF7A-AA1B-4F8C-90C2-F88EF06513D0}.Release|Any CPU.ActiveCfg = Release|Any CPU
		{3318EF7A-AA1B-4F8C-90C2-F88EF06513D0}.Release|Any CPU.Build.0 = Release|Any CPU
		{F2B4930D-1A57-4DF1-904C-7A0AFF3328F5}.Debug|Any CPU.ActiveCfg = Debug|Any CPU
		{F2B4930D-1A57-4DF1-904C-7A0AFF3328F5}.Debug|Any CPU.Build.0 = Debug|Any CPU
		{F2B4930D-1A57-4DF1-904C-7A0AFF3328F5}.Release|Any CPU.ActiveCfg = Release|Any CPU
		{F2B4930D-1A57-4DF1-904C-7A0AFF3328F5}.Release|Any CPU.Build.0 = Release|Any CPU
		{21B4F1A9-5C11-4B38-B21A-1F5618A8BC0B}.Debug|Any CPU.ActiveCfg = Debug|Any CPU
		{21B4F1A9-5C11-4B38-B21A-1F5618A8BC0B}.Debug|Any CPU.Build.0 = Debug|Any CPU
		{21B4F1A9-5C11-4B38-B21A-1F5618A8BC0B}.Release|Any CPU.ActiveCfg = Release|Any CPU
		{21B4F1A9-5C11-4B38-B21A-1F5618A8BC0B}.Release|Any CPU.Build.0 = Release|Any CPU
		{B7DA8F15-B500-4DF4-98FF-6FDC398EAE28}.Debug|Any CPU.ActiveCfg = Debug|Any CPU
		{B7DA8F15-B500-4DF4-98FF-6FDC398EAE28}.Debug|Any CPU.Build.0 = Debug|Any CPU
		{B7DA8F15-B500-4DF4-98FF-6FDC398EAE28}.Release|Any CPU.ActiveCfg = Release|Any CPU
		{B7DA8F15-B500-4DF4-98FF-6FDC398EAE28}.Release|Any CPU.Build.0 = Release|Any CPU
		{774B6D13-374E-402D-8192-5EDC4173C5E8}.Debug|Any CPU.ActiveCfg = Debug|Any CPU
		{774B6D13-374E-402D-8192-5EDC4173C5E8}.Debug|Any CPU.Build.0 = Debug|Any CPU
		{774B6D13-374E-402D-8192-5EDC4173C5E8}.Release|Any CPU.ActiveCfg = Release|Any CPU
		{774B6D13-374E-402D-8192-5EDC4173C5E8}.Release|Any CPU.Build.0 = Release|Any CPU
	EndGlobalSection
	GlobalSection(SolutionProperties) = preSolution
		HideSolutionNode = FALSE
	EndGlobalSection
	GlobalSection(ExtensibilityGlobals) = postSolution
		SolutionGuid = {743E9F39-5092-4838-B2B5-C097D1FCDB4A}
	EndGlobalSection
EndGlobal
